
Microsoft Visual Studio Solution File, Format Version 12.00
# Visual Studio Version 17
VisualStudioVersion = 17.2.32630.192
MinimumVisualStudioVersion = 10.0.40219.1
Project("{FAE04EC0-301F-11D3-BF4B-00C04F79EFBC}") = "Presentacion", "Precentacion\Presentacion.csproj", "{277E7ECE-AB8E-4BE2-A0C4-36CF11444A76}"
EndProject
Project("{FAE04EC0-301F-11D3-BF4B-00C04F79EFBC}") = "Entidades", "Entidades\Entidades.csproj", "{24A28CFA-4306-4EAF-832D-41820A1978A8}"
EndProject
Project("{FAE04EC0-301F-11D3-BF4B-00C04F79EFBC}") = "Negocio", "Negocio\Negocio.csproj", "{0A5176C2-4B24-4DBA-972B-407A9CD0E630}"
EndProject
Project("{FAE04EC0-301F-11D3-BF4B-00C04F79EFBC}") = "Datos", "Datos\Datos.csproj", "{3EF22A37-EE7A-475A-AEB6-314832A3DD6A}"
EndProject
Global
	GlobalSection(SolutionConfigurationPlatforms) = preSolution
		Debug|Any CPU = Debug|Any CPU
		Release|Any CPU = Release|Any CPU
	EndGlobalSection
	GlobalSection(ProjectConfigurationPlatforms) = postSolution
		{277E7ECE-AB8E-4BE2-A0C4-36CF11444A76}.Debug|Any CPU.ActiveCfg = Debug|Any CPU
		{277E7ECE-AB8E-4BE2-A0C4-36CF11444A76}.Debug|Any CPU.Build.0 = Debug|Any CPU
		{277E7ECE-AB8E-4BE2-A0C4-36CF11444A76}.Release|Any CPU.ActiveCfg = Release|Any CPU
		{277E7ECE-AB8E-4BE2-A0C4-36CF11444A76}.Release|Any CPU.Build.0 = Release|Any CPU
		{24A28CFA-4306-4EAF-832D-41820A1978A8}.Debug|Any CPU.ActiveCfg = Debug|Any CPU
		{24A28CFA-4306-4EAF-832D-41820A1978A8}.Debug|Any CPU.Build.0 = Debug|Any CPU
		{24A28CFA-4306-4EAF-832D-41820A1978A8}.Release|Any CPU.ActiveCfg = Release|Any CPU
		{24A28CFA-4306-4EAF-832D-41820A1978A8}.Release|Any CPU.Build.0 = Release|Any CPU
		{0A5176C2-4B24-4DBA-972B-407A9CD0E630}.Debug|Any CPU.ActiveCfg = Debug|Any CPU
		{0A5176C2-4B24-4DBA-972B-407A9CD0E630}.Debug|Any CPU.Build.0 = Debug|Any CPU
		{0A5176C2-4B24-4DBA-972B-407A9CD0E630}.Release|Any CPU.ActiveCfg = Release|Any CPU
		{0A5176C2-4B24-4DBA-972B-407A9CD0E630}.Release|Any CPU.Build.0 = Release|Any CPU
		{3EF22A37-EE7A-475A-AEB6-314832A3DD6A}.Debug|Any CPU.ActiveCfg = Debug|Any CPU
		{3EF22A37-EE7A-475A-AEB6-314832A3DD6A}.Debug|Any CPU.Build.0 = Debug|Any CPU
		{3EF22A37-EE7A-475A-AEB6-314832A3DD6A}.Release|Any CPU.ActiveCfg = Release|Any CPU
		{3EF22A37-EE7A-475A-AEB6-314832A3DD6A}.Release|Any CPU.Build.0 = Release|Any CPU
	EndGlobalSection
	GlobalSection(SolutionProperties) = preSolution
		HideSolutionNode = FALSE
	EndGlobalSection
	GlobalSection(ExtensibilityGlobals) = postSolution
		SolutionGuid = {D7AF863D-A763-475D-BC79-D09AC258C2E8}
	EndGlobalSection
EndGlobal
